
Microsoft Visual Studio Solution File, Format Version 12.00
# Visual Studio Version 17
VisualStudioVersion = 17.14.36221.1
MinimumVisualStudioVersion = 10.0.40219.1
Project("{FAE04EC0-301F-11D3-BF4B-00C04F79EFBC}") = "Tanuki.Atlyss.Core", "Tanuki.Atlyss.Core\Tanuki.Atlyss.Core.csproj", "{A210D614-B1C7-4260-B7E1-7DF2E73E1C8D}"
	ProjectSection(ProjectDependencies) = postProject
		{195C12BF-79C2-4476-8340-D2198D1FFC95} = {195C12BF-79C2-4476-8340-D2198D1FFC95}
		{23EAA990-EE53-4712-B72E-375FE536BF91} = {23EAA990-EE53-4712-B72E-375FE536BF91}
		{97A2AC67-7211-4AC9-BFAC-3F83F85910E7} = {97A2AC67-7211-4AC9-BFAC-3F83F85910E7}
	EndProjectSection
EndProject
Project("{FAE04EC0-301F-11D3-BF4B-00C04F79EFBC}") = "Tanuki.Atlyss.API", "Tanuki.Atlyss.API\Tanuki.Atlyss.API.csproj", "{23EAA990-EE53-4712-B72E-375FE536BF91}"
EndProject
Project("{FAE04EC0-301F-11D3-BF4B-00C04F79EFBC}") = "Tanuki.Atlyss.ExamplePlugin", "Tanuki.Atlyss.ExamplePlugin\Tanuki.Atlyss.ExamplePlugin.csproj", "{653A2C21-7D84-4FBB-94BD-C30FAC5A45E3}"
	ProjectSection(ProjectDependencies) = postProject
		{195C12BF-79C2-4476-8340-D2198D1FFC95} = {195C12BF-79C2-4476-8340-D2198D1FFC95}
		{23EAA990-EE53-4712-B72E-375FE536BF91} = {23EAA990-EE53-4712-B72E-375FE536BF91}
		{A210D614-B1C7-4260-B7E1-7DF2E73E1C8D} = {A210D614-B1C7-4260-B7E1-7DF2E73E1C8D}
	EndProjectSection
EndProject
Project("{FAE04EC0-301F-11D3-BF4B-00C04F79EFBC}") = "Tanuki.Atlyss.Bootstrap", "Tanuki.Atlyss.Bootstrap\Tanuki.Atlyss.Bootstrap.csproj", "{9C00D52E-10B8-413F-9EE4-BFDE81762442}"
	ProjectSection(ProjectDependencies) = postProject
		{195C12BF-79C2-4476-8340-D2198D1FFC95} = {195C12BF-79C2-4476-8340-D2198D1FFC95}
		{23EAA990-EE53-4712-B72E-375FE536BF91} = {23EAA990-EE53-4712-B72E-375FE536BF91}
		{97A2AC67-7211-4AC9-BFAC-3F83F85910E7} = {97A2AC67-7211-4AC9-BFAC-3F83F85910E7}
		{A210D614-B1C7-4260-B7E1-7DF2E73E1C8D} = {A210D614-B1C7-4260-B7E1-7DF2E73E1C8D}
	EndProjectSection
EndProject
Project("{FAE04EC0-301F-11D3-BF4B-00C04F79EFBC}") = "Tanuki.Atlyss.Game", "Tanuki.Atlyss.Game\Tanuki.Atlyss.Game.csproj", "{195C12BF-79C2-4476-8340-D2198D1FFC95}"
EndProject
Project("{FAE04EC0-301F-11D3-BF4B-00C04F79EFBC}") = "Tanuki.Atlyss.Patching", "Tanuki.Atlyss.Patching\Tanuki.Atlyss.Patching.csproj", "{97A2AC67-7211-4AC9-BFAC-3F83F85910E7}"
EndProject
Global
	GlobalSection(SolutionConfigurationPlatforms) = preSolution
		Debug|Any CPU = Debug|Any CPU
		Release|Any CPU = Release|Any CPU
	EndGlobalSection
	GlobalSection(ProjectConfigurationPlatforms) = postSolution
		{A210D614-B1C7-4260-B7E1-7DF2E73E1C8D}.Debug|Any CPU.ActiveCfg = Debug|Any CPU
		{A210D614-B1C7-4260-B7E1-7DF2E73E1C8D}.Debug|Any CPU.Build.0 = Debug|Any CPU
		{A210D614-B1C7-4260-B7E1-7DF2E73E1C8D}.Release|Any CPU.ActiveCfg = Release|Any CPU
		{A210D614-B1C7-4260-B7E1-7DF2E73E1C8D}.Release|Any CPU.Build.0 = Release|Any CPU
		{23EAA990-EE53-4712-B72E-375FE536BF91}.Debug|Any CPU.ActiveCfg = Debug|Any CPU
		{23EAA990-EE53-4712-B72E-375FE536BF91}.Debug|Any CPU.Build.0 = Debug|Any CPU
		{23EAA990-EE53-4712-B72E-375FE536BF91}.Release|Any CPU.ActiveCfg = Release|Any CPU
		{23EAA990-EE53-4712-B72E-375FE536BF91}.Release|Any CPU.Build.0 = Release|Any CPU
		{653A2C21-7D84-4FBB-94BD-C30FAC5A45E3}.Debug|Any CPU.ActiveCfg = Debug|Any CPU
		{653A2C21-7D84-4FBB-94BD-C30FAC5A45E3}.Release|Any CPU.ActiveCfg = Release|Any CPU
		{9C00D52E-10B8-413F-9EE4-BFDE81762442}.Debug|Any CPU.ActiveCfg = Debug|Any CPU
		{9C00D52E-10B8-413F-9EE4-BFDE81762442}.Debug|Any CPU.Build.0 = Debug|Any CPU
		{9C00D52E-10B8-413F-9EE4-BFDE81762442}.Release|Any CPU.ActiveCfg = Release|Any CPU
		{9C00D52E-10B8-413F-9EE4-BFDE81762442}.Release|Any CPU.Build.0 = Release|Any CPU
		{195C12BF-79C2-4476-8340-D2198D1FFC95}.Debug|Any CPU.ActiveCfg = Debug|Any CPU
		{195C12BF-79C2-4476-8340-D2198D1FFC95}.Debug|Any CPU.Build.0 = Debug|Any CPU
		{195C12BF-79C2-4476-8340-D2198D1FFC95}.Release|Any CPU.ActiveCfg = Release|Any CPU
		{195C12BF-79C2-4476-8340-D2198D1FFC95}.Release|Any CPU.Build.0 = Release|Any CPU
		{97A2AC67-7211-4AC9-BFAC-3F83F85910E7}.Debug|Any CPU.ActiveCfg = Debug|Any CPU
		{97A2AC67-7211-4AC9-BFAC-3F83F85910E7}.Debug|Any CPU.Build.0 = Debug|Any CPU
		{97A2AC67-7211-4AC9-BFAC-3F83F85910E7}.Release|Any CPU.ActiveCfg = Release|Any CPU
		{97A2AC67-7211-4AC9-BFAC-3F83F85910E7}.Release|Any CPU.Build.0 = Release|Any CPU
	EndGlobalSection
	GlobalSection(SolutionProperties) = preSolution
		HideSolutionNode = FALSE
	EndGlobalSection
	GlobalSection(ExtensibilityGlobals) = postSolution
		SolutionGuid = {ADB2A11F-8404-4E7E-8BB4-2DC0DB6A3CAE}
	EndGlobalSection
EndGlobal
